
Microsoft Visual Studio Solution File, Format Version 12.00
# Visual Studio Version 17
VisualStudioVersion = 17.1.32210.238
MinimumVisualStudioVersion = 10.0.40219.1
Project("{2150E333-8FDC-42A3-9474-1A3956D46DE8}") = "01 - exercicio", "01 - exercicio", "{06BA3126-0AAE-41C6-9408-894E68DE95D1}"
EndProject
Project("{FAE04EC0-301F-11D3-BF4B-00C04F79EFBC}") = "exercicio.um", "exercicio um\exercicio.um.csproj", "{0A00CDDB-6BBE-4015-AF28-FD20996C7B01}"
EndProject
Project("{FAE04EC0-301F-11D3-BF4B-00C04F79EFBC}") = "Exercicio.Dois", "Exercicio.Dois\Exercicio.Dois.csproj", "{CF53AD11-19AD-4637-B0F9-D21BF5D415C2}"
EndProject
Project("{2150E333-8FDC-42A3-9474-1A3956D46DE8}") = "02 - Exercicio", "02 - Exercicio", "{21A60AB5-BBE9-4175-AB0C-334C41A224DE}"
EndProject
Project("{2150E333-8FDC-42A3-9474-1A3956D46DE8}") = "03 - Exercico", "03 - Exercico", "{7BEC1969-BD04-4962-AE6D-9661E262C6F7}"
EndProject
Project("{FAE04EC0-301F-11D3-BF4B-00C04F79EFBC}") = "exercicio.tres", "exercicio.tres\exercicio.tres.csproj", "{2EB1F6BD-C3F0-4988-BA16-EE32ABC873F8}"
EndProject
Global
	GlobalSection(SolutionConfigurationPlatforms) = preSolution
		Debug|Any CPU = Debug|Any CPU
		Release|Any CPU = Release|Any CPU
	EndGlobalSection
	GlobalSection(ProjectConfigurationPlatforms) = postSolution
		{0A00CDDB-6BBE-4015-AF28-FD20996C7B01}.Debug|Any CPU.ActiveCfg = Debug|Any CPU
		{0A00CDDB-6BBE-4015-AF28-FD20996C7B01}.Debug|Any CPU.Build.0 = Debug|Any CPU
		{0A00CDDB-6BBE-4015-AF28-FD20996C7B01}.Release|Any CPU.ActiveCfg = Release|Any CPU
		{0A00CDDB-6BBE-4015-AF28-FD20996C7B01}.Release|Any CPU.Build.0 = Release|Any CPU
		{CF53AD11-19AD-4637-B0F9-D21BF5D415C2}.Debug|Any CPU.ActiveCfg = Debug|Any CPU
		{CF53AD11-19AD-4637-B0F9-D21BF5D415C2}.Debug|Any CPU.Build.0 = Debug|Any CPU
		{CF53AD11-19AD-4637-B0F9-D21BF5D415C2}.Release|Any CPU.ActiveCfg = Release|Any CPU
		{CF53AD11-19AD-4637-B0F9-D21BF5D415C2}.Release|Any CPU.Build.0 = Release|Any CPU
		{2EB1F6BD-C3F0-4988-BA16-EE32ABC873F8}.Debug|Any CPU.ActiveCfg = Debug|Any CPU
		{2EB1F6BD-C3F0-4988-BA16-EE32ABC873F8}.Debug|Any CPU.Build.0 = Debug|Any CPU
		{2EB1F6BD-C3F0-4988-BA16-EE32ABC873F8}.Release|Any CPU.ActiveCfg = Release|Any CPU
		{2EB1F6BD-C3F0-4988-BA16-EE32ABC873F8}.Release|Any CPU.Build.0 = Release|Any CPU
	EndGlobalSection
	GlobalSection(SolutionProperties) = preSolution
		HideSolutionNode = FALSE
	EndGlobalSection
	GlobalSection(NestedProjects) = preSolution
		{0A00CDDB-6BBE-4015-AF28-FD20996C7B01} = {06BA3126-0AAE-41C6-9408-894E68DE95D1}
		{CF53AD11-19AD-4637-B0F9-D21BF5D415C2} = {21A60AB5-BBE9-4175-AB0C-334C41A224DE}
		{2EB1F6BD-C3F0-4988-BA16-EE32ABC873F8} = {7BEC1969-BD04-4962-AE6D-9661E262C6F7}
	EndGlobalSection
	GlobalSection(ExtensibilityGlobals) = postSolution
		SolutionGuid = {86D8E42A-7BC9-461E-835F-7BA9A5D7B659}
	EndGlobalSection
EndGlobal
